
Microsoft Visual Studio Solution File, Format Version 12.00
# Visual Studio 15
VisualStudioVersion = 15.0.27130.2036
MinimumVisualStudioVersion = 10.0.40219.1
Project("{9A19103F-16F7-4668-BE54-9A1E7A4F7556}") = "LogCollections", "LogCollections\LogCollections.csproj", "{929BA847-4B57-44DB-A37B-FF1E91787673}"
EndProject
Project("{9A19103F-16F7-4668-BE54-9A1E7A4F7556}") = "ConsoleTester", "ConsoleTester\ConsoleTester.csproj", "{BF839F61-01A8-4D67-8F65-44D7D0180D3B}"
EndProject
Project("{FAE04EC0-301F-11D3-BF4B-00C04F79EFBC}") = "LogViewer", "LogViewer\LogViewer.csproj", "{9E175EB3-CE23-46B7-9685-84B41450DD0E}"
EndProject
Global
	GlobalSection(SolutionConfigurationPlatforms) = preSolution
		Debug|Any CPU = Debug|Any CPU
		Release|Any CPU = Release|Any CPU
	EndGlobalSection
	GlobalSection(ProjectConfigurationPlatforms) = postSolution
		{929BA847-4B57-44DB-A37B-FF1E91787673}.Debug|Any CPU.ActiveCfg = Debug|Any CPU
		{929BA847-4B57-44DB-A37B-FF1E91787673}.Debug|Any CPU.Build.0 = Debug|Any CPU
		{929BA847-4B57-44DB-A37B-FF1E91787673}.Release|Any CPU.ActiveCfg = Release|Any CPU
		{929BA847-4B57-44DB-A37B-FF1E91787673}.Release|Any CPU.Build.0 = Release|Any CPU
		{BF839F61-01A8-4D67-8F65-44D7D0180D3B}.Debug|Any CPU.ActiveCfg = Debug|Any CPU
		{BF839F61-01A8-4D67-8F65-44D7D0180D3B}.Debug|Any CPU.Build.0 = Debug|Any CPU
		{BF839F61-01A8-4D67-8F65-44D7D0180D3B}.Release|Any CPU.ActiveCfg = Release|Any CPU
		{BF839F61-01A8-4D67-8F65-44D7D0180D3B}.Release|Any CPU.Build.0 = Release|Any CPU
		{9E175EB3-CE23-46B7-9685-84B41450DD0E}.Debug|Any CPU.ActiveCfg = Debug|Any CPU
		{9E175EB3-CE23-46B7-9685-84B41450DD0E}.Debug|Any CPU.Build.0 = Debug|Any CPU
		{9E175EB3-CE23-46B7-9685-84B41450DD0E}.Release|Any CPU.ActiveCfg = Release|Any CPU
		{9E175EB3-CE23-46B7-9685-84B41450DD0E}.Release|Any CPU.Build.0 = Release|Any CPU
	EndGlobalSection
	GlobalSection(SolutionProperties) = preSolution
		HideSolutionNode = FALSE
	EndGlobalSection
	GlobalSection(ExtensibilityGlobals) = postSolution
		SolutionGuid = {453861E7-6A67-4653-B6CB-E9B269696A4F}
	EndGlobalSection
EndGlobal
